PODS:
  - IBGxNetworkManager (0.1.0)

DEPENDENCIES:
  - IBGxNetworkManager (from `../`)

EXTERNAL SOURCES:
  IBGxNetworkManager:
    :path: "../"

SPEC CHECKSUMS:
  IBGxNetworkManager: fdd3f7b74641287ffdd6b0fc89eeb2d63cda4b5e

PODFILE CHECKSUM: 34341ebe4577e5178b0996754d87d84efeb74f8b

COCOAPODS: 1.0.1
